
Microsoft Visual Studio Solution File, Format Version 12.00
# Visual Studio Version 16
VisualStudioVersion = 16.0.32106.194
MinimumVisualStudioVersion = 10.0.40219.1
Project("{FAE04EC0-301F-11D3-BF4B-00C04F79EFBC}") = "Proyecto-Hans-Sempe-1083920", "Proyecto-Hans-Sempe-1083920\Proyecto-Hans-Sempe-1083920.csproj", "{20C94C6A-FDB8-4647-84CC-5BE00C810ACD}"
EndProject
Global
	GlobalSection(SolutionConfigurationPlatforms) = preSolution
		Debug|Any CPU = Debug|Any CPU
		Release|Any CPU = Release|Any CPU
	EndGlobalSection
	GlobalSection(ProjectConfigurationPlatforms) = postSolution
		{20C94C6A-FDB8-4647-84CC-5BE00C810ACD}.Debug|Any CPU.ActiveCfg = Debug|Any CPU
		{20C94C6A-FDB8-4647-84CC-5BE00C810ACD}.Debug|Any CPU.Build.0 = Debug|Any CPU
		{20C94C6A-FDB8-4647-84CC-5BE00C810ACD}.Release|Any CPU.ActiveCfg = Release|Any CPU
		{20C94C6A-FDB8-4647-84CC-5BE00C810ACD}.Release|Any CPU.Build.0 = Release|Any CPU
	EndGlobalSection
	GlobalSection(SolutionProperties) = preSolution
		HideSolutionNode = FALSE
	EndGlobalSection
	GlobalSection(ExtensibilityGlobals) = postSolution
		SolutionGuid = {1AFEFE1F-3E57-41A2-B93A-EA2AAC9E7B80}
	EndGlobalSection
EndGlobal
